
Microsoft Visual Studio Solution File, Format Version 12.00
# Visual Studio Version 17
VisualStudioVersion = 17.2.32630.192
MinimumVisualStudioVersion = 10.0.40219.1
Project("{FAE04EC0-301F-11D3-BF4B-00C04F79EFBC}") = "P01.Structure", "P01.Structure\P01.Structure.csproj", "{FBC67081-4195-4CC6-8308-B3069512CD82}"
EndProject
Project("{FAE04EC0-301F-11D3-BF4B-00C04F79EFBC}") = "P03.UnitTestsSkeleton", "P03.UnitTestsSkeleton\P03.UnitTestsSkeleton.csproj", "{BFA501F1-85EB-463F-A9FF-7B40FA6D0EBC}"
EndProject
Project("{FAE04EC0-301F-11D3-BF4B-00C04F79EFBC}") = "P03.UnitTests", "P03.UnitTests\P03.UnitTests.csproj", "{4F88080F-6FBF-40EA-A62D-01DB2EAEEC08}"
EndProject
Global
	GlobalSection(SolutionConfigurationPlatforms) = preSolution
		Debug|Any CPU = Debug|Any CPU
		Release|Any CPU = Release|Any CPU
	EndGlobalSection
	GlobalSection(ProjectConfigurationPlatforms) = postSolution
		{FBC67081-4195-4CC6-8308-B3069512CD82}.Debug|Any CPU.ActiveCfg = Debug|Any CPU
		{FBC67081-4195-4CC6-8308-B3069512CD82}.Debug|Any CPU.Build.0 = Debug|Any CPU
		{FBC67081-4195-4CC6-8308-B3069512CD82}.Release|Any CPU.ActiveCfg = Release|Any CPU
		{FBC67081-4195-4CC6-8308-B3069512CD82}.Release|Any CPU.Build.0 = Release|Any CPU
		{BFA501F1-85EB-463F-A9FF-7B40FA6D0EBC}.Debug|Any CPU.ActiveCfg = Debug|Any CPU
		{BFA501F1-85EB-463F-A9FF-7B40FA6D0EBC}.Debug|Any CPU.Build.0 = Debug|Any CPU
		{BFA501F1-85EB-463F-A9FF-7B40FA6D0EBC}.Release|Any CPU.ActiveCfg = Release|Any CPU
		{BFA501F1-85EB-463F-A9FF-7B40FA6D0EBC}.Release|Any CPU.Build.0 = Release|Any CPU
		{4F88080F-6FBF-40EA-A62D-01DB2EAEEC08}.Debug|Any CPU.ActiveCfg = Debug|Any CPU
		{4F88080F-6FBF-40EA-A62D-01DB2EAEEC08}.Debug|Any CPU.Build.0 = Debug|Any CPU
		{4F88080F-6FBF-40EA-A62D-01DB2EAEEC08}.Release|Any CPU.ActiveCfg = Release|Any CPU
		{4F88080F-6FBF-40EA-A62D-01DB2EAEEC08}.Release|Any CPU.Build.0 = Release|Any CPU
	EndGlobalSection
	GlobalSection(SolutionProperties) = preSolution
		HideSolutionNode = FALSE
	EndGlobalSection
	GlobalSection(ExtensibilityGlobals) = postSolution
		SolutionGuid = {967DFAB3-C09C-4ADA-9132-6AF26DD5AE29}
	EndGlobalSection
EndGlobal
