
Microsoft Visual Studio Solution File, Format Version 12.00
# Visual Studio Version 17
VisualStudioVersion = 17.2.32630.192
MinimumVisualStudioVersion = 10.0.40219.1
Project("{9A19103F-16F7-4668-BE54-9A1E7A4F7556}") = "FrontDeskApp", "FrontDeskApp\FrontDeskApp.csproj", "{B1B9817F-9EA5-4E04-A9CF-7E115AA2202A}"
EndProject
Project("{9A19103F-16F7-4668-BE54-9A1E7A4F7556}") = "BookigApp.Tests", "BookigApp.Tests\BookigApp.Tests.csproj", "{E1A3B7A8-43D5-4B59-80BE-442584B75652}"
EndProject
Project("{FAE04EC0-301F-11D3-BF4B-00C04F79EFBC}") = "P01.Structure", "P01.Structure\P01.Structure.csproj", "{A31D2938-6F7A-4353-9A11-0B2C555E7DAA}"
EndProject
Global
	GlobalSection(SolutionConfigurationPlatforms) = preSolution
		Debug|Any CPU = Debug|Any CPU
		Release|Any CPU = Release|Any CPU
	EndGlobalSection
	GlobalSection(ProjectConfigurationPlatforms) = postSolution
		{B1B9817F-9EA5-4E04-A9CF-7E115AA2202A}.Debug|Any CPU.ActiveCfg = Debug|Any CPU
		{B1B9817F-9EA5-4E04-A9CF-7E115AA2202A}.Debug|Any CPU.Build.0 = Debug|Any CPU
		{B1B9817F-9EA5-4E04-A9CF-7E115AA2202A}.Release|Any CPU.ActiveCfg = Release|Any CPU
		{B1B9817F-9EA5-4E04-A9CF-7E115AA2202A}.Release|Any CPU.Build.0 = Release|Any CPU
		{E1A3B7A8-43D5-4B59-80BE-442584B75652}.Debug|Any CPU.ActiveCfg = Debug|Any CPU
		{E1A3B7A8-43D5-4B59-80BE-442584B75652}.Debug|Any CPU.Build.0 = Debug|Any CPU
		{E1A3B7A8-43D5-4B59-80BE-442584B75652}.Release|Any CPU.ActiveCfg = Release|Any CPU
		{E1A3B7A8-43D5-4B59-80BE-442584B75652}.Release|Any CPU.Build.0 = Release|Any CPU
		{A31D2938-6F7A-4353-9A11-0B2C555E7DAA}.Debug|Any CPU.ActiveCfg = Debug|Any CPU
		{A31D2938-6F7A-4353-9A11-0B2C555E7DAA}.Debug|Any CPU.Build.0 = Debug|Any CPU
		{A31D2938-6F7A-4353-9A11-0B2C555E7DAA}.Release|Any CPU.ActiveCfg = Release|Any CPU
		{A31D2938-6F7A-4353-9A11-0B2C555E7DAA}.Release|Any CPU.Build.0 = Release|Any CPU
	EndGlobalSection
	GlobalSection(SolutionProperties) = preSolution
		HideSolutionNode = FALSE
	EndGlobalSection
	GlobalSection(ExtensibilityGlobals) = postSolution
		SolutionGuid = {2ECEC1A0-09D2-4BF7-A498-94B6A9FA8E5A}
	EndGlobalSection
EndGlobal
