
Microsoft Visual Studio Solution File, Format Version 12.00
# Visual Studio Version 17
VisualStudioVersion = 17.2.32630.192
MinimumVisualStudioVersion = 10.0.40219.1
Project("{FAE04EC0-301F-11D3-BF4B-00C04F79EFBC}") = "P01.PrototypePattern", "P01.PrototypePattern\P01.PrototypePattern.csproj", "{BCFEFFBC-4016-454F-A351-26195FAC3126}"
EndProject
Project("{FAE04EC0-301F-11D3-BF4B-00C04F79EFBC}") = "P02.Composite", "P02.Composite\P02.Composite.csproj", "{E3BB493B-19A0-4F2A-9940-071F20A6E5AB}"
EndProject
Project("{FAE04EC0-301F-11D3-BF4B-00C04F79EFBC}") = "P03.TemplatePattern", "P03.TemplatePattern\P03.TemplatePattern.csproj", "{0764CF8E-00B3-4237-814D-36BD81C81453}"
EndProject
Global
	GlobalSection(SolutionConfigurationPlatforms) = preSolution
		Debug|Any CPU = Debug|Any CPU
		Release|Any CPU = Release|Any CPU
	EndGlobalSection
	GlobalSection(ProjectConfigurationPlatforms) = postSolution
		{BCFEFFBC-4016-454F-A351-26195FAC3126}.Debug|Any CPU.ActiveCfg = Debug|Any CPU
		{BCFEFFBC-4016-454F-A351-26195FAC3126}.Debug|Any CPU.Build.0 = Debug|Any CPU
		{BCFEFFBC-4016-454F-A351-26195FAC3126}.Release|Any CPU.ActiveCfg = Release|Any CPU
		{BCFEFFBC-4016-454F-A351-26195FAC3126}.Release|Any CPU.Build.0 = Release|Any CPU
		{E3BB493B-19A0-4F2A-9940-071F20A6E5AB}.Debug|Any CPU.ActiveCfg = Debug|Any CPU
		{E3BB493B-19A0-4F2A-9940-071F20A6E5AB}.Debug|Any CPU.Build.0 = Debug|Any CPU
		{E3BB493B-19A0-4F2A-9940-071F20A6E5AB}.Release|Any CPU.ActiveCfg = Release|Any CPU
		{E3BB493B-19A0-4F2A-9940-071F20A6E5AB}.Release|Any CPU.Build.0 = Release|Any CPU
		{0764CF8E-00B3-4237-814D-36BD81C81453}.Debug|Any CPU.ActiveCfg = Debug|Any CPU
		{0764CF8E-00B3-4237-814D-36BD81C81453}.Debug|Any CPU.Build.0 = Debug|Any CPU
		{0764CF8E-00B3-4237-814D-36BD81C81453}.Release|Any CPU.ActiveCfg = Release|Any CPU
		{0764CF8E-00B3-4237-814D-36BD81C81453}.Release|Any CPU.Build.0 = Release|Any CPU
	EndGlobalSection
	GlobalSection(SolutionProperties) = preSolution
		HideSolutionNode = FALSE
	EndGlobalSection
	GlobalSection(ExtensibilityGlobals) = postSolution
		SolutionGuid = {88BA41A8-8594-4ADD-83E2-C0B08515DB1F}
	EndGlobalSection
EndGlobal
