
Microsoft Visual Studio Solution File, Format Version 12.00
# Visual Studio Version 17
VisualStudioVersion = 17.2.32616.157
MinimumVisualStudioVersion = 10.0.40219.1
Project("{9A19103F-16F7-4668-BE54-9A1E7A4F7556}") = "P01.SquareRoot", "P01.SquareRoot\P01.SquareRoot.csproj", "{714724C4-52B7-4AC0-8FD7-07655ABE403A}"
EndProject
Global
	GlobalSection(SolutionConfigurationPlatforms) = preSolution
		Debug|Any CPU = Debug|Any CPU
		Release|Any CPU = Release|Any CPU
	EndGlobalSection
	GlobalSection(ProjectConfigurationPlatforms) = postSolution
		{714724C4-52B7-4AC0-8FD7-07655ABE403A}.Debug|Any CPU.ActiveCfg = Debug|Any CPU
		{714724C4-52B7-4AC0-8FD7-07655ABE403A}.Debug|Any CPU.Build.0 = Debug|Any CPU
		{714724C4-52B7-4AC0-8FD7-07655ABE403A}.Release|Any CPU.ActiveCfg = Release|Any CPU
		{714724C4-52B7-4AC0-8FD7-07655ABE403A}.Release|Any CPU.Build.0 = Release|Any CPU
	EndGlobalSection
	GlobalSection(SolutionProperties) = preSolution
		HideSolutionNode = FALSE
	EndGlobalSection
	GlobalSection(ExtensibilityGlobals) = postSolution
		SolutionGuid = {60CAF7C7-7AD1-4931-B88D-3A7BE637F8BD}
	EndGlobalSection
EndGlobal
