
Microsoft Visual Studio Solution File, Format Version 12.00
# Visual Studio Version 17
VisualStudioVersion = 17.2.32616.157
MinimumVisualStudioVersion = 10.0.40219.1
Project("{9A19103F-16F7-4668-BE54-9A1E7A4F7556}") = "P01.ClassBoxData", "P01.ClassBoxData\P01.ClassBoxData.csproj", "{18A3FD9B-774E-4C0C-B588-60E56BCBF9C1}"
EndProject
Project("{9A19103F-16F7-4668-BE54-9A1E7A4F7556}") = "P05.FootballTeamGenerator", "P05.FootballTeamGenerator\P05.FootballTeamGenerator.csproj", "{32E20B9F-8ADD-475E-8929-043EEE86EFF9}"
EndProject
Project("{9A19103F-16F7-4668-BE54-9A1E7A4F7556}") = "P03.ShoppingSpree", "P03.ShoppingSpree\P03.ShoppingSpree.csproj", "{B0FADE23-F57B-4447-A2C5-BAA7DF5D4B58}"
EndProject
Project("{FAE04EC0-301F-11D3-BF4B-00C04F79EFBC}") = "P02.AnimalFarm", "P02.AnimalFarm\P02.AnimalFarm.csproj", "{F3E7CD9E-F7F9-4F37-A445-931E69A1C2EE}"
EndProject
Project("{FAE04EC0-301F-11D3-BF4B-00C04F79EFBC}") = "P04.PizzaCalories", "P04.PizzaCalories\P04.PizzaCalories.csproj", "{0FA8F03D-E93E-4ECC-8BAA-5BA5457018A4}"
EndProject
Global
	GlobalSection(SolutionConfigurationPlatforms) = preSolution
		Debug|Any CPU = Debug|Any CPU
		Release|Any CPU = Release|Any CPU
	EndGlobalSection
	GlobalSection(ProjectConfigurationPlatforms) = postSolution
		{18A3FD9B-774E-4C0C-B588-60E56BCBF9C1}.Debug|Any CPU.ActiveCfg = Debug|Any CPU
		{18A3FD9B-774E-4C0C-B588-60E56BCBF9C1}.Debug|Any CPU.Build.0 = Debug|Any CPU
		{18A3FD9B-774E-4C0C-B588-60E56BCBF9C1}.Release|Any CPU.ActiveCfg = Release|Any CPU
		{18A3FD9B-774E-4C0C-B588-60E56BCBF9C1}.Release|Any CPU.Build.0 = Release|Any CPU
		{32E20B9F-8ADD-475E-8929-043EEE86EFF9}.Debug|Any CPU.ActiveCfg = Debug|Any CPU
		{32E20B9F-8ADD-475E-8929-043EEE86EFF9}.Debug|Any CPU.Build.0 = Debug|Any CPU
		{32E20B9F-8ADD-475E-8929-043EEE86EFF9}.Release|Any CPU.ActiveCfg = Release|Any CPU
		{32E20B9F-8ADD-475E-8929-043EEE86EFF9}.Release|Any CPU.Build.0 = Release|Any CPU
		{B0FADE23-F57B-4447-A2C5-BAA7DF5D4B58}.Debug|Any CPU.ActiveCfg = Debug|Any CPU
		{B0FADE23-F57B-4447-A2C5-BAA7DF5D4B58}.Debug|Any CPU.Build.0 = Debug|Any CPU
		{B0FADE23-F57B-4447-A2C5-BAA7DF5D4B58}.Release|Any CPU.ActiveCfg = Release|Any CPU
		{B0FADE23-F57B-4447-A2C5-BAA7DF5D4B58}.Release|Any CPU.Build.0 = Release|Any CPU
		{F3E7CD9E-F7F9-4F37-A445-931E69A1C2EE}.Debug|Any CPU.ActiveCfg = Debug|Any CPU
		{F3E7CD9E-F7F9-4F37-A445-931E69A1C2EE}.Debug|Any CPU.Build.0 = Debug|Any CPU
		{F3E7CD9E-F7F9-4F37-A445-931E69A1C2EE}.Release|Any CPU.ActiveCfg = Release|Any CPU
		{F3E7CD9E-F7F9-4F37-A445-931E69A1C2EE}.Release|Any CPU.Build.0 = Release|Any CPU
		{0FA8F03D-E93E-4ECC-8BAA-5BA5457018A4}.Debug|Any CPU.ActiveCfg = Debug|Any CPU
		{0FA8F03D-E93E-4ECC-8BAA-5BA5457018A4}.Debug|Any CPU.Build.0 = Debug|Any CPU
		{0FA8F03D-E93E-4ECC-8BAA-5BA5457018A4}.Release|Any CPU.ActiveCfg = Release|Any CPU
		{0FA8F03D-E93E-4ECC-8BAA-5BA5457018A4}.Release|Any CPU.Build.0 = Release|Any CPU
	EndGlobalSection
	GlobalSection(SolutionProperties) = preSolution
		HideSolutionNode = FALSE
	EndGlobalSection
	GlobalSection(ExtensibilityGlobals) = postSolution
		SolutionGuid = {1DEF1280-A6CF-4CE7-8BE6-D7A23157EE2E}
	EndGlobalSection
EndGlobal
