
Microsoft Visual Studio Solution File, Format Version 12.00
# Visual Studio Version 17
VisualStudioVersion = 17.2.32630.192
MinimumVisualStudioVersion = 10.0.40219.1
Project("{FAE04EC0-301F-11D3-BF4B-00C04F79EFBC}") = "Formula1", "P01.Structure\Formula1.csproj", "{35E2EE87-5320-4EE3-9C1A-7C6343136232}"
EndProject
Global
	GlobalSection(SolutionConfigurationPlatforms) = preSolution
		Debug|Any CPU = Debug|Any CPU
		Release|Any CPU = Release|Any CPU
	EndGlobalSection
	GlobalSection(ProjectConfigurationPlatforms) = postSolution
		{35E2EE87-5320-4EE3-9C1A-7C6343136232}.Debug|Any CPU.ActiveCfg = Debug|Any CPU
		{35E2EE87-5320-4EE3-9C1A-7C6343136232}.Debug|Any CPU.Build.0 = Debug|Any CPU
		{35E2EE87-5320-4EE3-9C1A-7C6343136232}.Release|Any CPU.ActiveCfg = Release|Any CPU
		{35E2EE87-5320-4EE3-9C1A-7C6343136232}.Release|Any CPU.Build.0 = Release|Any CPU
	EndGlobalSection
	GlobalSection(SolutionProperties) = preSolution
		HideSolutionNode = FALSE
	EndGlobalSection
	GlobalSection(ExtensibilityGlobals) = postSolution
		SolutionGuid = {2B759262-04EC-466A-9BA7-2691982861DA}
	EndGlobalSection
EndGlobal
